
Microsoft Visual Studio Solution File, Format Version 12.00
Project("{FAE04EC0-301F-11D3-BF4B-00C04F79EFBC}") = "CHIP-8", "CHIP-8\CHIP-8.csproj", "{4D06B980-4F85-40BC-A71C-6601B6F234CE}"
EndProject
Global
	GlobalSection(SolutionConfigurationPlatforms) = preSolution
		Debug|Any CPU = Debug|Any CPU
		Release|Any CPU = Release|Any CPU
	EndGlobalSection
	GlobalSection(ProjectConfigurationPlatforms) = postSolution
		{4D06B980-4F85-40BC-A71C-6601B6F234CE}.Debug|Any CPU.ActiveCfg = Debug|Any CPU
		{4D06B980-4F85-40BC-A71C-6601B6F234CE}.Debug|Any CPU.Build.0 = Debug|Any CPU
		{4D06B980-4F85-40BC-A71C-6601B6F234CE}.Release|Any CPU.ActiveCfg = Release|Any CPU
		{4D06B980-4F85-40BC-A71C-6601B6F234CE}.Release|Any CPU.Build.0 = Release|Any CPU
	EndGlobalSection
EndGlobal
